
Microsoft Visual Studio Solution File, Format Version 12.00
# Visual Studio Version 17
VisualStudioVersion = 17.11.35222.181
MinimumVisualStudioVersion = 10.0.40219.1
Project("{9A19103F-16F7-4668-BE54-9A1E7A4F7556}") = "Kitkitssss.Server", "Kitkitssss.Server\Kitkitssss.Server.csproj", "{6B5615A4-5C7C-4E04-AB08-756185FB3729}"
EndProject
Project("{54A90642-561A-4BB1-A94E-469ADEE60C69}") = "kitkitssss.client", "kitkitssss.client\kitkitssss.client.esproj", "{1167CA2E-A9B6-4E61-AF78-92B83D802A98}"
EndProject
Project("{FAE04EC0-301F-11D3-BF4B-00C04F79EFBC}") = "KitKitsTest", "KitKitsTest\KitKitsTest.csproj", "{4236C518-AA99-4A11-A9D4-E122302EA43A}"
EndProject
Global
	GlobalSection(SolutionConfigurationPlatforms) = preSolution
		Debug|Any CPU = Debug|Any CPU
		Release|Any CPU = Release|Any CPU
	EndGlobalSection
	GlobalSection(ProjectConfigurationPlatforms) = postSolution
		{6B5615A4-5C7C-4E04-AB08-756185FB3729}.Debug|Any CPU.ActiveCfg = Debug|Any CPU
		{6B5615A4-5C7C-4E04-AB08-756185FB3729}.Debug|Any CPU.Build.0 = Debug|Any CPU
		{6B5615A4-5C7C-4E04-AB08-756185FB3729}.Release|Any CPU.ActiveCfg = Release|Any CPU
		{6B5615A4-5C7C-4E04-AB08-756185FB3729}.Release|Any CPU.Build.0 = Release|Any CPU
		{1167CA2E-A9B6-4E61-AF78-92B83D802A98}.Debug|Any CPU.ActiveCfg = Debug|Any CPU
		{1167CA2E-A9B6-4E61-AF78-92B83D802A98}.Debug|Any CPU.Build.0 = Debug|Any CPU
		{1167CA2E-A9B6-4E61-AF78-92B83D802A98}.Debug|Any CPU.Deploy.0 = Debug|Any CPU
		{1167CA2E-A9B6-4E61-AF78-92B83D802A98}.Release|Any CPU.ActiveCfg = Release|Any CPU
		{1167CA2E-A9B6-4E61-AF78-92B83D802A98}.Release|Any CPU.Build.0 = Release|Any CPU
		{1167CA2E-A9B6-4E61-AF78-92B83D802A98}.Release|Any CPU.Deploy.0 = Release|Any CPU
		{4236C518-AA99-4A11-A9D4-E122302EA43A}.Debug|Any CPU.ActiveCfg = Debug|Any CPU
		{4236C518-AA99-4A11-A9D4-E122302EA43A}.Debug|Any CPU.Build.0 = Debug|Any CPU
		{4236C518-AA99-4A11-A9D4-E122302EA43A}.Release|Any CPU.ActiveCfg = Release|Any CPU
		{4236C518-AA99-4A11-A9D4-E122302EA43A}.Release|Any CPU.Build.0 = Release|Any CPU
	EndGlobalSection
	GlobalSection(SolutionProperties) = preSolution
		HideSolutionNode = FALSE
	EndGlobalSection
	GlobalSection(ExtensibilityGlobals) = postSolution
		SolutionGuid = {E77F090D-2107-415D-847E-40A7B4AF9FDD}
	EndGlobalSection
EndGlobal
